
Microsoft Visual Studio Solution File, Format Version 12.00
# Visual Studio Version 16
VisualStudioVersion = 16.0.31424.327
MinimumVisualStudioVersion = 10.0.40219.1
Project("{FAE04EC0-301F-11D3-BF4B-00C04F79EFBC}") = "TestOrgani", "TestOrgani\TestOrgani.csproj", "{A2EDC088-8F95-4924-8C01-8A2DE1E726E3}"
EndProject
Global
	GlobalSection(SolutionConfigurationPlatforms) = preSolution
		Debug|Any CPU = Debug|Any CPU
		Release|Any CPU = Release|Any CPU
	EndGlobalSection
	GlobalSection(ProjectConfigurationPlatforms) = postSolution
		{A2EDC088-8F95-4924-8C01-8A2DE1E726E3}.Debug|Any CPU.ActiveCfg = Debug|Any CPU
		{A2EDC088-8F95-4924-8C01-8A2DE1E726E3}.Debug|Any CPU.Build.0 = Debug|Any CPU
		{A2EDC088-8F95-4924-8C01-8A2DE1E726E3}.Release|Any CPU.ActiveCfg = Release|Any CPU
		{A2EDC088-8F95-4924-8C01-8A2DE1E726E3}.Release|Any CPU.Build.0 = Release|Any CPU
	EndGlobalSection
	GlobalSection(SolutionProperties) = preSolution
		HideSolutionNode = FALSE
	EndGlobalSection
	GlobalSection(ExtensibilityGlobals) = postSolution
		SolutionGuid = {B9958DA0-4EAD-4F94-8833-5A72112EE366}
	EndGlobalSection
EndGlobal
